
Microsoft Visual Studio Solution File, Format Version 12.00
# Visual Studio Version 17
VisualStudioVersion = 17.3.32929.385
MinimumVisualStudioVersion = 10.0.40219.1
Project("{FAE04EC0-301F-11D3-BF4B-00C04F79EFBC}") = "Remozo-Application", "Remozo-Application\Remozo-Application.csproj", "{FC9BDC57-456C-4490-8AB3-C3C23FF2EDCF}"
EndProject
Global
	GlobalSection(SolutionConfigurationPlatforms) = preSolution
		Debug|Any CPU = Debug|Any CPU
		Release|Any CPU = Release|Any CPU
	EndGlobalSection
	GlobalSection(ProjectConfigurationPlatforms) = postSolution
		{FC9BDC57-456C-4490-8AB3-C3C23FF2EDCF}.Debug|Any CPU.ActiveCfg = Debug|Any CPU
		{FC9BDC57-456C-4490-8AB3-C3C23FF2EDCF}.Debug|Any CPU.Build.0 = Debug|Any CPU
		{FC9BDC57-456C-4490-8AB3-C3C23FF2EDCF}.Release|Any CPU.ActiveCfg = Release|Any CPU
		{FC9BDC57-456C-4490-8AB3-C3C23FF2EDCF}.Release|Any CPU.Build.0 = Release|Any CPU
	EndGlobalSection
	GlobalSection(SolutionProperties) = preSolution
		HideSolutionNode = FALSE
	EndGlobalSection
	GlobalSection(ExtensibilityGlobals) = postSolution
		SolutionGuid = {10AD1FD6-DF25-48A3-B35F-B040BF3848C7}
	EndGlobalSection
EndGlobal
